PODS:
  - Alamofire (5.0.5)
  - AlamofireImage (4.0.3):
    - Alamofire (< 6.0.0, >= 5.0.2)
  - Kingfisher (5.7.1)

DEPENDENCIES:
  - Alamofire (>= 5.0.1)
  - AlamofireImage (~> 4.0)
  - Kingfisher (~> 5.7.1)

SPEC REPOS:
  trunk:
    - Alamofire
    - AlamofireImage
    - Kingfisher

SPEC CHECKSUMS:
  Alamofire: df2f8f826963b08b9a870791ad48e07a10090b2e
  AlamofireImage: 3d1a2010519e58675318735580eb856e88840ff7
  Kingfisher: 176d377ad339113c99ad4980cbae687f807e20fe

PODFILE CHECKSUM: 11f4b2eaf1e129d2720914ae09cb6497d2a45af7

COCOAPODS: 1.9.1
